// !$*UTF8*$!
{
	archiveVersion = 1;
	classes = {
	};
	objectVersion = 51;
	objects = {

/* Begin PBXBuildFile section */
		9AB15590E8E9262C67D2C629 /* Pods_MPMeditatorDemo.framework in Frameworks */ = {isa = PBXBuildFile; fileRef = 76CB32C196CCA690C2A68A25 /* Pods_MPMeditatorDemo.framework */; };
		FBFFC71D24BE9E9B00588B5E /* AppDelegate.m in Sources */ = {isa = PBXBuildFile; fileRef = FBFFC71C24BE9E9B00588B5E /* AppDelegate.m */; };
		FBFFC72024BE9E9B00588B5E /* SceneDelegate.m in Sources */ = {isa = PBXBuildFile; fileRef = FBFFC71F24BE9E9B00588B5E /* SceneDelegate.m */; };
		FBFFC72324BE9E9B00588B5E /* ViewController.m in Sources */ = {isa = PBXBuildFile; fileRef = FBFFC72224BE9E9B00588B5E /* ViewController.m */; };
		FBFFC72624BE9E9B00588B5E /* Main.storyboard in Resources */ = {isa = PBXBuildFile; fileRef = FBFFC72424BE9E9B00588B5E /* Main.storyboard */; };
		FBFFC72824BE9E9E00588B5E /* Assets.xcassets in Resources */ = {isa = PBXBuildFile; fileRef = FBFFC72724BE9E9E00588B5E /* Assets.xcassets */; };
		FBFFC72B24BE9E9E00588B5E /* LaunchScreen.storyboard in Resources */ = {isa = PBXBuildFile; fileRef = FBFFC72924BE9E9E00588B5E /* LaunchScreen.storyboard */; };
		FBFFC72E24BE9E9E00588B5E /* main.m in Sources */ = {isa = PBXBuildFile; fileRef = FBFFC72D24BE9E9E00588B5E /* main.m */; };
		FBFFC75224BE9FE800588B5E /* TableViewController.m in Sources */ = {isa = PBXBuildFile; fileRef = FBFFC75124BE9FE800588B5E /* TableViewController.m */; };
		FBFFC75624BEA01B00588B5E /* CTMediator+CTMediatorModuleAActions.m in Sources */ = {isa = PBXBuildFile; fileRef = FBFFC75524BEA01B00588B5E /* CTMediator+CTMediatorModuleAActions.m */; };
		FBFFC76224BEA07000588B5E /* Target_A.m in Sources */ = {isa = PBXBuildFile; fileRef = FBFFC76024BEA07000588B5E /* Target_A.m */; };
		FBFFC76524BEA07700588B5E /* DemoModuleADetailViewController.m in Sources */ = {isa = PBXBuildFile; fileRef = FBFFC76324BEA07700588B5E /* DemoModuleADetailViewController.m */; };
/* End PBXBuildFile section */

/* Begin PBXContainerItemProxy section */
		FBFFC73424BE9E9E00588B5E /* PBXContainerItemProxy */ = {
			isa = PBXContainerItemProxy;
			containerPortal = FBFFC71024BE9E9B00588B5E /* Project object */;
			proxyType = 1;
			remoteGlobalIDString = FBFFC71724BE9E9B00588B5E;
			remoteInfo = MPMeditatorDemo;
		};
		FBFFC73F24BE9E9E00588B5E /* PBXContainerItemProxy */ = {
			isa = PBXContainerItemProxy;
			containerPortal = FBFFC71024BE9E9B00588B5E /* Project object */;
			proxyType = 1;
			remoteGlobalIDString = FBFFC71724BE9E9B00588B5E;
			remoteInfo = MPMeditatorDemo;
		};
/* End PBXContainerItemProxy section */

/* Begin PBXFileReference section */
		1CF1209C27DC5D610923626A /* Pods-MPMeditatorDemo.debug.xcconfig */ = {isa = PBXFileReference; includeInIndex = 1; lastKnownFileType = text.xcconfig; name = "Pods-MPMeditatorDemo.debug.xcconfig"; path = "Target Support Files/Pods-MPMeditatorDemo/Pods-MPMeditatorDemo.debug.xcconfig"; sourceTree = "<group>"; };
		40102DC155B4B566AC6CDFEA /* Pods-MPMeditatorDemo.release.xcconfig */ = {isa = PBXFileReference; includeInIndex = 1; lastKnownFileType = text.xcconfig; name = "Pods-MPMeditatorDemo.release.xcconfig"; path = "Target Support Files/Pods-MPMeditatorDemo/Pods-MPMeditatorDemo.release.xcconfig"; sourceTree = "<group>"; };
		76CB32C196CCA690C2A68A25 /* Pods_MPMeditatorDemo.framework */ = {isa = PBXFileReference; explicitFileType = wrapper.framework; includeInIndex = 0; path = Pods_MPMeditatorDemo.framework; sourceTree = BUILT_PRODUCTS_DIR; };
		FBFFC71824BE9E9B00588B5E /* MPMeditatorDemo.app */ = {isa = PBXFileReference; explicitFileType = wrapper.application; includeInIndex = 0; path = MPMeditatorDemo.app; sourceTree = BUILT_PRODUCTS_DIR; };
		FBFFC71B24BE9E9B00588B5E /* AppDelegate.h */ = {isa = PBXFileReference; lastKnownFileType = sourcecode.c.h; path = AppDelegate.h; sourceTree = "<group>"; };
		FBFFC71C24BE9E9B00588B5E /* AppDelegate.m */ = {isa = PBXFileReference; lastKnownFileType = sourcecode.c.objc; path = AppDelegate.m; sourceTree = "<group>"; };
		FBFFC71E24BE9E9B00588B5E /* SceneDelegate.h */ = {isa = PBXFileReference; lastKnownFileType = sourcecode.c.h; path = SceneDelegate.h; sourceTree = "<group>"; };
		FBFFC71F24BE9E9B00588B5E /* SceneDelegate.m */ = {isa = PBXFileReference; lastKnownFileType = sourcecode.c.objc; path = SceneDelegate.m; sourceTree = "<group>"; };
		FBFFC72124BE9E9B00588B5E /* ViewController.h */ = {isa = PBXFileReference; lastKnownFileType = sourcecode.c.h; path = ViewController.h; sourceTree = "<group>"; };
		FBFFC72224BE9E9B00588B5E /* ViewController.m */ = {isa = PBXFileReference; lastKnownFileType = sourcecode.c.objc; path = ViewController.m; sourceTree = "<group>"; };
		FBFFC72524BE9E9B00588B5E /* Base */ = {isa = PBXFileReference; lastKnownFileType = file.storyboard; name = Base; path = Base.lproj/Main.storyboard; sourceTree = "<group>"; };
		FBFFC72724BE9E9E00588B5E /* Assets.xcassets */ = {isa = PBXFileReference; lastKnownFileType = folder.assetcatalog; path = Assets.xcassets; sourceTree = "<group>"; };
		FBFFC72A24BE9E9E00588B5E /* Base */ = {isa = PBXFileReference; lastKnownFileType = file.storyboard; name = Base; path = Base.lproj/LaunchScreen.storyboard; sourceTree = "<group>"; };
		FBFFC72C24BE9E9E00588B5E /* Info.plist */ = {isa = PBXFileReference; lastKnownFileType = text.plist.xml; path = Info.plist; sourceTree = "<group>"; };
		FBFFC72D24BE9E9E00588B5E /* main.m */ = {isa = PBXFileReference; lastKnownFileType = sourcecode.c.objc; path = main.m; sourceTree = "<group>"; };
		FBFFC73324BE9E9E00588B5E /* MPMeditatorDemoTests.xctest */ = {isa = PBXFileReference; explicitFileType = wrapper.cfbundle; includeInIndex = 0; path = MPMeditatorDemoTests.xctest; sourceTree = BUILT_PRODUCTS_DIR; };
		FBFFC73E24BE9E9E00588B5E /* MPMeditatorDemoUITests.xctest */ = {isa = PBXFileReference; explicitFileType = wrapper.cfbundle; includeInIndex = 0; path = MPMeditatorDemoUITests.xctest; sourceTree = BUILT_PRODUCTS_DIR; };
		FBFFC75024BE9FE800588B5E /* TableViewController.h */ = {isa = PBXFileReference; fileEncoding = 4; lastKnownFileType = sourcecode.c.h; path = TableViewController.h; sourceTree = "<group>"; };
		FBFFC75124BE9FE800588B5E /* TableViewController.m */ = {isa = PBXFileReference; fileEncoding = 4; lastKnownFileType = sourcecode.c.objc; path = TableViewController.m; sourceTree = "<group>"; };
		FBFFC75424BEA01B00588B5E /* CTMediator+CTMediatorModuleAActions.h */ = {isa = PBXFileReference; fileEncoding = 4; lastKnownFileType = sourcecode.c.h; path = "CTMediator+CTMediatorModuleAActions.h"; sourceTree = "<group>"; };
		FBFFC75524BEA01B00588B5E /* CTMediator+CTMediatorModuleAActions.m */ = {isa = PBXFileReference; fileEncoding = 4; lastKnownFileType = sourcecode.c.objc; path = "CTMediator+CTMediatorModuleAActions.m"; sourceTree = "<group>"; };
		FBFFC76024BEA07000588B5E /* Target_A.m */ = {isa = PBXFileReference; fileEncoding = 4; lastKnownFileType = sourcecode.c.objc; path = Target_A.m; sourceTree = "<group>"; };
		FBFFC76124BEA07000588B5E /* Target_A.h */ = {isa = PBXFileReference; fileEncoding = 4; lastKnownFileType = sourcecode.c.h; path = Target_A.h; sourceTree = "<group>"; };
		FBFFC76324BEA07700588B5E /* DemoModuleADetailViewController.m */ = {isa = PBXFileReference; fileEncoding = 4; lastKnownFileType = sourcecode.c.objc; path = DemoModuleADetailViewController.m; sourceTree = "<group>"; };
		FBFFC76424BEA07700588B5E /* DemoModuleADetailViewController.h */ = {isa = PBXFileReference; fileEncoding = 4; lastKnownFileType = sourcecode.c.h; path = DemoModuleADetailViewController.h; sourceTree = "<group>"; };
/* End PBXFileReference section */

/* Begin PBXFrameworksBuildPhase section */
		FBFFC71524BE9E9B00588B5E /* Frameworks */ = {
			isa = PBXFrameworksBuildPhase;
			buildActionMask = 2147483647;
			files = (
				9AB15590E8E9262C67D2C629 /* Pods_MPMeditatorDemo.framework in Frameworks */,
			);
			runOnlyForDeploymentPostprocessing = 0;
		};
		FBFFC73024BE9E9E00588B5E /* Frameworks */ = {
			isa = PBXFrameworksBuildPhase;
			buildActionMask = 2147483647;
			files = (
			);
			runOnlyForDeploymentPostprocessing = 0;
		};
		FBFFC73B24BE9E9E00588B5E /* Frameworks */ = {
			isa = PBXFrameworksBuildPhase;
			buildActionMask = 2147483647;
			files = (
			);
			runOnlyForDeploymentPostprocessing = 0;
		};
/* End PBXFrameworksBuildPhase section */

/* Begin PBXGroup section */
		731B6DF7E658D7D19FF30EA4 /* Frameworks */ = {
			isa = PBXGroup;
			children = (
				76CB32C196CCA690C2A68A25 /* Pods_MPMeditatorDemo.framework */,
			);
			name = Frameworks;
			sourceTree = "<group>";
		};
		F462D6E6E557BF186746476A /* Pods */ = {
			isa = PBXGroup;
			children = (
				1CF1209C27DC5D610923626A /* Pods-MPMeditatorDemo.debug.xcconfig */,
				40102DC155B4B566AC6CDFEA /* Pods-MPMeditatorDemo.release.xcconfig */,
			);
			path = Pods;
			sourceTree = "<group>";
		};
		FBFFC70F24BE9E9B00588B5E = {
			isa = PBXGroup;
			children = (
				FBFFC71A24BE9E9B00588B5E /* MPMeditatorDemo */,
				FBFFC71924BE9E9B00588B5E /* Products */,
				F462D6E6E557BF186746476A /* Pods */,
				731B6DF7E658D7D19FF30EA4 /* Frameworks */,
			);
			sourceTree = "<group>";
		};
		FBFFC71924BE9E9B00588B5E /* Products */ = {
			isa = PBXGroup;
			children = (
				FBFFC71824BE9E9B00588B5E /* MPMeditatorDemo.app */,
				FBFFC73324BE9E9E00588B5E /* MPMeditatorDemoTests.xctest */,
				FBFFC73E24BE9E9E00588B5E /* MPMeditatorDemoUITests.xctest */,
			);
			name = Products;
			sourceTree = "<group>";
		};
		FBFFC71A24BE9E9B00588B5E /* MPMeditatorDemo */ = {
			isa = PBXGroup;
			children = (
				FBFFC75E24BEA04900588B5E /* ModuleB */,
				FBFFC75324BE9FF400588B5E /* ModuleA */,
				FBFFC75024BE9FE800588B5E /* TableViewController.h */,
				FBFFC75124BE9FE800588B5E /* TableViewController.m */,
				FBFFC71B24BE9E9B00588B5E /* AppDelegate.h */,
				FBFFC71C24BE9E9B00588B5E /* AppDelegate.m */,
				FBFFC71E24BE9E9B00588B5E /* SceneDelegate.h */,
				FBFFC71F24BE9E9B00588B5E /* SceneDelegate.m */,
				FBFFC72124BE9E9B00588B5E /* ViewController.h */,
				FBFFC72224BE9E9B00588B5E /* ViewController.m */,
				FBFFC72424BE9E9B00588B5E /* Main.storyboard */,
				FBFFC72724BE9E9E00588B5E /* Assets.xcassets */,
				FBFFC72924BE9E9E00588B5E /* LaunchScreen.storyboard */,
				FBFFC72C24BE9E9E00588B5E /* Info.plist */,
				FBFFC72D24BE9E9E00588B5E /* main.m */,
			);
			path = MPMeditatorDemo;
			sourceTree = "<group>";
		};
		FBFFC75324BE9FF400588B5E /* ModuleA */ = {
			isa = PBXGroup;
			children = (
				FBFFC75424BEA01B00588B5E /* CTMediator+CTMediatorModuleAActions.h */,
				FBFFC75524BEA01B00588B5E /* CTMediator+CTMediatorModuleAActions.m */,
			);
			path = ModuleA;
			sourceTree = "<group>";
		};
		FBFFC75E24BEA04900588B5E /* ModuleB */ = {
			isa = PBXGroup;
			children = (
				FBFFC76424BEA07700588B5E /* DemoModuleADetailViewController.h */,
				FBFFC76324BEA07700588B5E /* DemoModuleADetailViewController.m */,
				FBFFC75F24BEA06000588B5E /* New Group */,
			);
			path = ModuleB;
			sourceTree = "<group>";
		};
		FBFFC75F24BEA06000588B5E /* New Group */ = {
			isa = PBXGroup;
			children = (
				FBFFC76124BEA07000588B5E /* Target_A.h */,
				FBFFC76024BEA07000588B5E /* Target_A.m */,
			);
			path = "New Group";
			sourceTree = "<group>";
		};
/* End PBXGroup section */

/* Begin PBXNativeTarget section */
		FBFFC71724BE9E9B00588B5E /* MPMeditatorDemo */ = {
			isa = PBXNativeTarget;
			buildConfigurationList = FBFFC74724BE9E9E00588B5E /* Build configuration list for PBXNativeTarget "MPMeditatorDemo" */;
			buildPhases = (
				5FA169E0A5DBA04996A6B674 /* [CP] Check Pods Manifest.lock */,
				FBFFC71424BE9E9B00588B5E /* Sources */,
				FBFFC71524BE9E9B00588B5E /* Frameworks */,
				FBFFC71624BE9E9B00588B5E /* Resources */,
				F6354165AECC289201139736 /* [CP] Embed Pods Frameworks */,
			);
			buildRules = (
			);
			dependencies = (
			);
			name = MPMeditatorDemo;
			productName = MPMeditatorDemo;
			productReference = FBFFC71824BE9E9B00588B5E /* MPMeditatorDemo.app */;
			productType = "com.apple.product-type.application";
		};
		FBFFC73224BE9E9E00588B5E /* MPMeditatorDemoTests */ = {
			isa = PBXNativeTarget;
			buildConfigurationList = FBFFC74A24BE9E9E00588B5E /* Build configuration list for PBXNativeTarget "MPMeditatorDemoTests" */;
			buildPhases = (
				FBFFC72F24BE9E9E00588B5E /* Sources */,
				FBFFC73024BE9E9E00588B5E /* Frameworks */,
				FBFFC73124BE9E9E00588B5E /* Resources */,
			);
			buildRules = (
			);
			dependencies = (
				FBFFC73524BE9E9E00588B5E /* PBXTargetDependency */,
			);
			name = MPMeditatorDemoTests;
			productName = MPMeditatorDemoTests;
			productReference = FBFFC73324BE9E9E00588B5E /* MPMeditatorDemoTests.xctest */;
			productType = "com.apple.product-type.bundle.unit-test";
		};
		FBFFC73D24BE9E9E00588B5E /* MPMeditatorDemoUITests */ = {
			isa = PBXNativeTarget;
			buildConfigurationList = FBFFC74D24BE9E9E00588B5E /* Build configuration list for PBXNativeTarget "MPMeditatorDemoUITests" */;
			buildPhases = (
				FBFFC73A24BE9E9E00588B5E /* Sources */,
				FBFFC73B24BE9E9E00588B5E /* Frameworks */,
				FBFFC73C24BE9E9E00588B5E /* Resources */,
			);
			buildRules = (
			);
			dependencies = (
				FBFFC74024BE9E9E00588B5E /* PBXTargetDependency */,
			);
			name = MPMeditatorDemoUITests;
			productName = MPMeditatorDemoUITests;
			productReference = FBFFC73E24BE9E9E00588B5E /* MPMeditatorDemoUITests.xctest */;
			productType = "com.apple.product-type.bundle.ui-testing";
		};
/* End PBXNativeTarget section */

/* Begin PBXProject section */
		FBFFC71024BE9E9B00588B5E /* Project object */ = {
			isa = PBXProject;
			attributes = {
				LastUpgradeCheck = 1130;
				ORGANIZATIONNAME = xiangxue;
				TargetAttributes = {
					FBFFC71724BE9E9B00588B5E = {
						CreatedOnToolsVersion = 11.3.1;
					};
					FBFFC73224BE9E9E00588B5E = {
						CreatedOnToolsVersion = 11.3.1;
						TestTargetID = FBFFC71724BE9E9B00588B5E;
					};
					FBFFC73D24BE9E9E00588B5E = {
						CreatedOnToolsVersion = 11.3.1;
						TestTargetID = FBFFC71724BE9E9B00588B5E;
					};
				};
			};
			buildConfigurationList = FBFFC71324BE9E9B00588B5E /* Build configuration list for PBXProject "MPMeditatorDemo" */;
			compatibilityVersion = "Xcode 9.3";
			developmentRegion = en;
			hasScannedForEncodings = 0;
			knownRegions = (
				en,
				Base,
			);
			mainGroup = FBFFC70F24BE9E9B00588B5E;
			productRefGroup = FBFFC71924BE9E9B00588B5E /* Products */;
			projectDirPath = "";
			projectRoot = "";
			targets = (
				FBFFC71724BE9E9B00588B5E /* MPMeditatorDemo */,
				FBFFC73224BE9E9E00588B5E /* MPMeditatorDemoTests */,
				FBFFC73D24BE9E9E00588B5E /* MPMeditatorDemoUITests */,
			);
		};
/* End PBXProject section */

/* Begin PBXResourcesBuildPhase section */
		FBFFC71624BE9E9B00588B5E /* Resources */ = {
			isa = PBXResourcesBuildPhase;
			buildActionMask = 2147483647;
			files = (
				FBFFC72B24BE9E9E00588B5E /* LaunchScreen.storyboard in Resources */,
				FBFFC72824BE9E9E00588B5E /* Assets.xcassets in Resources */,
				FBFFC72624BE9E9B00588B5E /* Main.storyboard in Resources */,
			);
			runOnlyForDeploymentPostprocessing = 0;
		};
		FBFFC73124BE9E9E00588B5E /* Resources */ = {
			isa = PBXResourcesBuildPhase;
			buildActionMask = 2147483647;
			files = (
			);
			runOnlyForDeploymentPostprocessing = 0;
		};
		FBFFC73C24BE9E9E00588B5E /* Resources */ = {
			isa = PBXResourcesBuildPhase;
			buildActionMask = 2147483647;
			files = (
			);
			runOnlyForDeploymentPostprocessing = 0;
		};
/* End PBXResourcesBuildPhase section */

/* Begin PBXShellScriptBuildPhase section */
		5FA169E0A5DBA04996A6B674 /* [CP] Check Pods Manifest.lock */ = {
			isa = PBXShellScriptBuildPhase;
			buildActionMask = 2147483647;
			files = (
			);
			inputFileListPaths = (
			);
			inputPaths = (
				"${PODS_PODFILE_DIR_PATH}/Podfile.lock",
				"${PODS_ROOT}/Manifest.lock",
			);
			name = "[CP] Check Pods Manifest.lock";
			outputFileListPaths = (
			);
			outputPaths = (
				"$(DERIVED_FILE_DIR)/Pods-MPMeditatorDemo-checkManifestLockResult.txt",
			);
			runOnlyForDeploymentPostprocessing = 0;
			shellPath = /bin/sh;
			shellScript = "diff \"${PODS_PODFILE_DIR_PATH}/Podfile.lock\" \"${PODS_ROOT}/Manifest.lock\" > /dev/null\nif [ $? != 0 ] ; then\n    # print error to STDERR\n    echo \"error: The sandbox is not in sync with the Podfile.lock. Run 'pod install' or update your CocoaPods installation.\" >&2\n    exit 1\nfi\n# This output is used by Xcode 'outputs' to avoid re-running this script phase.\necho \"SUCCESS\" > \"${SCRIPT_OUTPUT_FILE_0}\"\n";
			showEnvVarsInLog = 0;
		};
		F6354165AECC289201139736 /* [CP] Embed Pods Frameworks */ = {
			isa = PBXShellScriptBuildPhase;
			buildActionMask = 2147483647;
			files = (
			);
			inputFileListPaths = (
				"${PODS_ROOT}/Target Support Files/Pods-MPMeditatorDemo/Pods-MPMeditatorDemo-frameworks-${CONFIGURATION}-input-files.xcfilelist",
			);
			name = "[CP] Embed Pods Frameworks";
			outputFileListPaths = (
				"${PODS_ROOT}/Target Support Files/Pods-MPMeditatorDemo/Pods-MPMeditatorDemo-frameworks-${CONFIGURATION}-output-files.xcfilelist",
			);
			runOnlyForDeploymentPostprocessing = 0;
			shellPath = /bin/sh;
			shellScript = "\"${PODS_ROOT}/Target Support Files/Pods-MPMeditatorDemo/Pods-MPMeditatorDemo-frameworks.sh\"\n";
			showEnvVarsInLog = 0;
		};
/* End PBXShellScriptBuildPhase section */

/* Begin PBXSourcesBuildPhase section */
		FBFFC71424BE9E9B00588B5E /* Sources */ = {
			isa = PBXSourcesBuildPhase;
			buildActionMask = 2147483647;
			files = (
				FBFFC76524BEA07700588B5E /* DemoModuleADetailViewController.m in Sources */,
				FBFFC72324BE9E9B00588B5E /* ViewController.m in Sources */,
				FBFFC71D24BE9E9B00588B5E /* AppDelegate.m in Sources */,
				FBFFC72E24BE9E9E00588B5E /* main.m in Sources */,
				FBFFC76224BEA07000588B5E /* Target_A.m in Sources */,
				FBFFC75224BE9FE800588B5E /* TableViewController.m in Sources */,
				FBFFC72024BE9E9B00588B5E /* SceneDelegate.m in Sources */,
				FBFFC75624BEA01B00588B5E /* CTMediator+CTMediatorModuleAActions.m in Sources */,
			);
			runOnlyForDeploymentPostprocessing = 0;
		};
		FBFFC72F24BE9E9E00588B5E /* Sources */ = {
			isa = PBXSourcesBuildPhase;
			buildActionMask = 2147483647;
			files = (
			);
			runOnlyForDeploymentPostprocessing = 0;
		};
		FBFFC73A24BE9E9E00588B5E /* Sources */ = {
			isa = PBXSourcesBuildPhase;
			buildActionMask = 2147483647;
			files = (
			);
			runOnlyForDeploymentPostprocessing = 0;
		};
/* End PBXSourcesBuildPhase section */

/* Begin PBXTargetDependency section */
		FBFFC73524BE9E9E00588B5E /* PBXTargetDependency */ = {
			isa = PBXTargetDependency;
			target = FBFFC71724BE9E9B00588B5E /* MPMeditatorDemo */;
			targetProxy = FBFFC73424BE9E9E00588B5E /* PBXContainerItemProxy */;
		};
		FBFFC74024BE9E9E00588B5E /* PBXTargetDependency */ = {
			isa = PBXTargetDependency;
			target = FBFFC71724BE9E9B00588B5E /* MPMeditatorDemo */;
			targetProxy = FBFFC73F24BE9E9E00588B5E /* PBXContainerItemProxy */;
		};
/* End PBXTargetDependency section */

/* Begin PBXVariantGroup section */
		FBFFC72424BE9E9B00588B5E /* Main.storyboard */ = {
			isa = PBXVariantGroup;
			children = (
				FBFFC72524BE9E9B00588B5E /* Base */,
			);
			name = Main.storyboard;
			sourceTree = "<group>";
		};
		FBFFC72924BE9E9E00588B5E /* LaunchScreen.storyboard */ = {
			isa = PBXVariantGroup;
			children = (
				FBFFC72A24BE9E9E00588B5E /* Base */,
			);
			name = LaunchScreen.storyboard;
			sourceTree = "<group>";
		};
/* End PBXVariantGroup section */

/* Begin XCBuildConfiguration section */
		FBFFC74524BE9E9E00588B5E /* Debug */ = {
			isa = XCBuildConfiguration;
			buildSettings = {
				ALWAYS_SEARCH_USER_PATHS = NO;
				CLANG_ANALYZER_NONNULL = YES;
				CLANG_ANALYZER_NUMBER_OBJECT_CONVERSION = YES_AGGRESSIVE;
				CLANG_CXX_LANGUAGE_STANDARD = "gnu++14";
				CLANG_CXX_LIBRARY = "libc++";
				CLANG_ENABLE_MODULES = YES;
				CLANG_ENABLE_OBJC_ARC = YES;
				CLANG_ENABLE_OBJC_WEAK = YES;
				CLANG_WARN_BLOCK_CAPTURE_AUTORELEASING = YES;
				CLANG_WARN_BOOL_CONVERSION = YES;
				CLANG_WARN_COMMA = YES;
				CLANG_WARN_CONSTANT_CONVERSION = YES;
				CLANG_WARN_DEPRECATED_OBJC_IMPLEMENTATIONS = YES;
				CLANG_WARN_DIRECT_OBJC_ISA_USAGE = YES_ERROR;
				CLANG_WARN_DOCUMENTATION_COMMENTS = YES;
				CLANG_WARN_EMPTY_BODY = YES;
				CLANG_WARN_ENUM_CONVERSION = YES;
				CLANG_WARN_INFINITE_RECURSION = YES;
				CLANG_WARN_INT_CONVERSION = YES;
				CLANG_WARN_NON_LITERAL_NULL_CONVERSION = YES;
				CLANG_WARN_OBJC_IMPLICIT_RETAIN_SELF = YES;
				CLANG_WARN_OBJC_LITERAL_CONVERSION = YES;
				CLANG_WARN_OBJC_ROOT_CLASS = YES_ERROR;
				CLANG_WARN_RANGE_LOOP_ANALYSIS = YES;
				CLANG_WARN_STRICT_PROTOTYPES = YES;
				CLANG_WARN_SUSPICIOUS_MOVE = YES;
				CLANG_WARN_UNGUARDED_AVAILABILITY = YES_AGGRESSIVE;
				CLANG_WARN_UNREACHABLE_CODE = YES;
				CLANG_WARN__DUPLICATE_METHOD_MATCH = YES;
				COPY_PHASE_STRIP = NO;
				DEBUG_INFORMATION_FORMAT = dwarf;
				ENABLE_STRICT_OBJC_MSGSEND = YES;
				ENABLE_TESTABILITY = YES;
				GCC_C_LANGUAGE_STANDARD = gnu11;
				GCC_DYNAMIC_NO_PIC = NO;
				GCC_NO_COMMON_BLOCKS = YES;
				GCC_OPTIMIZATION_LEVEL = 0;
				GCC_PREPROCESSOR_DEFINITIONS = (
					"DEBUG=1",
					"$(inherited)",
				);
				GCC_WARN_64_TO_32_BIT_CONVERSION = YES;
				GCC_WARN_ABOUT_RETURN_TYPE = YES_ERROR;
				GCC_WARN_UNDECLARED_SELECTOR = YES;
				GCC_WARN_UNINITIALIZED_AUTOS = YES_AGGRESSIVE;
				GCC_WARN_UNUSED_FUNCTION = YES;
				GCC_WARN_UNUSED_VARIABLE = YES;
				IPHONEOS_DEPLOYMENT_TARGET = 13.2;
				MTL_ENABLE_DEBUG_INFO = INCLUDE_SOURCE;
				MTL_FAST_MATH = YES;
				ONLY_ACTIVE_ARCH = YES;
				SDKROOT = iphoneos;
			};
			name = Debug;
		};
		FBFFC74624BE9E9E00588B5E /* Release */ = {
			isa = XCBuildConfiguration;
			buildSettings = {
				ALWAYS_SEARCH_USER_PATHS = NO;
				CLANG_ANALYZER_NONNULL = YES;
				CLANG_ANALYZER_NUMBER_OBJECT_CONVERSION = YES_AGGRESSIVE;
				CLANG_CXX_LANGUAGE_STANDARD = "gnu++14";
				CLANG_CXX_LIBRARY = "libc++";
				CLANG_ENABLE_MODULES = YES;
				CLANG_ENABLE_OBJC_ARC = YES;
				CLANG_ENABLE_OBJC_WEAK = YES;
				CLANG_WARN_BLOCK_CAPTURE_AUTORELEASING = YES;
				CLANG_WARN_BOOL_CONVERSION = YES;
				CLANG_WARN_COMMA = YES;
				CLANG_WARN_CONSTANT_CONVERSION = YES;
				CLANG_WARN_DEPRECATED_OBJC_IMPLEMENTATIONS = YES;
				CLANG_WARN_DIRECT_OBJC_ISA_USAGE = YES_ERROR;
				CLANG_WARN_DOCUMENTATION_COMMENTS = YES;
				CLANG_WARN_EMPTY_BODY = YES;
				CLANG_WARN_ENUM_CONVERSION = YES;
				CLANG_WARN_INFINITE_RECURSION = YES;
				CLANG_WARN_INT_CONVERSION = YES;
				CLANG_WARN_NON_LITERAL_NULL_CONVERSION = YES;
				CLANG_WARN_OBJC_IMPLICIT_RETAIN_SELF = YES;
				CLANG_WARN_OBJC_LITERAL_CONVERSION = YES;
				CLANG_WARN_OBJC_ROOT_CLASS = YES_ERROR;
				CLANG_WARN_RANGE_LOOP_ANALYSIS = YES;
				CLANG_WARN_STRICT_PROTOTYPES = YES;
				CLANG_WARN_SUSPICIOUS_MOVE = YES;
				CLANG_WARN_UNGUARDED_AVAILABILITY = YES_AGGRESSIVE;
				CLANG_WARN_UNREACHABLE_CODE = YES;
				CLANG_WARN__DUPLICATE_METHOD_MATCH = YES;
				COPY_PHASE_STRIP = NO;
				DEBUG_INFORMATION_FORMAT = "dwarf-with-dsym";
				ENABLE_NS_ASSERTIONS = NO;
				ENABLE_STRICT_OBJC_MSGSEND = YES;
				GCC_C_LANGUAGE_STANDARD = gnu11;
				GCC_NO_COMMON_BLOCKS = YES;
				GCC_WARN_64_TO_32_BIT_CONVERSION = YES;
				GCC_WARN_ABOUT_RETURN_TYPE = YES_ERROR;
				GCC_WARN_UNDECLARED_SELECTOR = YES;
				GCC_WARN_UNINITIALIZED_AUTOS = YES_AGGRESSIVE;
				GCC_WARN_UNUSED_FUNCTION = YES;
				GCC_WARN_UNUSED_VARIABLE = YES;
				IPHONEOS_DEPLOYMENT_TARGET = 13.2;
				MTL_ENABLE_DEBUG_INFO = NO;
				MTL_FAST_MATH = YES;
				SDKROOT = iphoneos;
				VALIDATE_PRODUCT = YES;
			};
			name = Release;
		};
		FBFFC74824BE9E9E00588B5E /* Debug */ = {
			isa = XCBuildConfiguration;
			baseConfigurationReference = 1CF1209C27DC5D610923626A /* Pods-MPMeditatorDemo.debug.xcconfig */;
			buildSettings = {
				ASSETCATALOG_COMPILER_APPICON_NAME = AppIcon;
				CODE_SIGN_STYLE = Automatic;
				DEVELOPMENT_TEAM = P93PPUADW2;
				INFOPLIST_FILE = MPMeditatorDemo/Info.plist;
				LD_RUNPATH_SEARCH_PATHS = (
					"$(inherited)",
					"@executable_path/Frameworks",
				);
				PRODUCT_BUNDLE_IDENTIFIER = Byx.MPMeditatorDemo;
				PRODUCT_NAME = "$(TARGET_NAME)";
				TARGETED_DEVICE_FAMILY = "1,2";
			};
			name = Debug;
		};
		FBFFC74924BE9E9E00588B5E /* Release */ = {
			isa = XCBuildConfiguration;
			baseConfigurationReference = 40102DC155B4B566AC6CDFEA /* Pods-MPMeditatorDemo.release.xcconfig */;
			buildSettings = {
				ASSETCATALOG_COMPILER_APPICON_NAME = AppIcon;
				CODE_SIGN_STYLE = Automatic;
				DEVELOPMENT_TEAM = P93PPUADW2;
				INFOPLIST_FILE = MPMeditatorDemo/Info.plist;
				LD_RUNPATH_SEARCH_PATHS = (
					"$(inherited)",
					"@executable_path/Frameworks",
				);
				PRODUCT_BUNDLE_IDENTIFIER = Byx.MPMeditatorDemo;
				PRODUCT_NAME = "$(TARGET_NAME)";
				TARGETED_DEVICE_FAMILY = "1,2";
			};
			name = Release;
		};
		FBFFC74B24BE9E9E00588B5E /* Debug */ = {
			isa = XCBuildConfiguration;
			buildSettings = {
				BUNDLE_LOADER = "$(TEST_HOST)";
				CODE_SIGN_STYLE = Automatic;
				DEVELOPMENT_TEAM = P93PPUADW2;
				INFOPLIST_FILE = MPMeditatorDemoTests/Info.plist;
				IPHONEOS_DEPLOYMENT_TARGET = 13.2;
				LD_RUNPATH_SEARCH_PATHS = (
					"$(inherited)",
					"@executable_path/Frameworks",
					"@loader_path/Frameworks",
				);
				PRODUCT_BUNDLE_IDENTIFIER = Byx.MPMeditatorDemoTests;
				PRODUCT_NAME = "$(TARGET_NAME)";
				TARGETED_DEVICE_FAMILY = "1,2";
				TEST_HOST = "$(BUILT_PRODUCTS_DIR)/MPMeditatorDemo.app/MPMeditatorDemo";
			};
			name = Debug;
		};
		FBFFC74C24BE9E9E00588B5E /* Release */ = {
			isa = XCBuildConfiguration;
			buildSettings = {
				BUNDLE_LOADER = "$(TEST_HOST)";
				CODE_SIGN_STYLE = Automatic;
				DEVELOPMENT_TEAM = P93PPUADW2;
				INFOPLIST_FILE = MPMeditatorDemoTests/Info.plist;
				IPHONEOS_DEPLOYMENT_TARGET = 13.2;
				LD_RUNPATH_SEARCH_PATHS = (
					"$(inherited)",
					"@executable_path/Frameworks",
					"@loader_path/Frameworks",
				);
				PRODUCT_BUNDLE_IDENTIFIER = Byx.MPMeditatorDemoTests;
				PRODUCT_NAME = "$(TARGET_NAME)";
				TARGETED_DEVICE_FAMILY = "1,2";
				TEST_HOST = "$(BUILT_PRODUCTS_DIR)/MPMeditatorDemo.app/MPMeditatorDemo";
			};
			name = Release;
		};
		FBFFC74E24BE9E9E00588B5E /* Debug */ = {
			isa = XCBuildConfiguration;
			buildSettings = {
				CODE_SIGN_STYLE = Automatic;
				DEVELOPMENT_TEAM = P93PPUADW2;
				INFOPLIST_FILE = MPMeditatorDemoUITests/Info.plist;
				LD_RUNPATH_SEARCH_PATHS = (
					"$(inherited)",
					"@executable_path/Frameworks",
					"@loader_path/Frameworks",
				);
				PRODUCT_BUNDLE_IDENTIFIER = Byx.MPMeditatorDemoUITests;
				PRODUCT_NAME = "$(TARGET_NAME)";
				TARGETED_DEVICE_FAMILY = "1,2";
				TEST_TARGET_NAME = MPMeditatorDemo;
			};
			name = Debug;
		};
		FBFFC74F24BE9E9E00588B5E /* Release */ = {
			isa = XCBuildConfiguration;
			buildSettings = {
				CODE_SIGN_STYLE = Automatic;
				DEVELOPMENT_TEAM = P93PPUADW2;
				INFOPLIST_FILE = MPMeditatorDemoUITests/Info.plist;
				LD_RUNPATH_SEARCH_PATHS = (
					"$(inherited)",
					"@executable_path/Frameworks",
					"@loader_path/Frameworks",
				);
				PRODUCT_BUNDLE_IDENTIFIER = Byx.MPMeditatorDemoUITests;
				PRODUCT_NAME = "$(TARGET_NAME)";
				TARGETED_DEVICE_FAMILY = "1,2";
				TEST_TARGET_NAME = MPMeditatorDemo;
			};
			name = Release;
		};
/* End XCBuildConfiguration section */

/* Begin XCConfigurationList section */
		FBFFC71324BE9E9B00588B5E /* Build configuration list for PBXProject "MPMeditatorDemo" */ = {
			isa = XCConfigurationList;
			buildConfigurations = (
				FBFFC74524BE9E9E00588B5E /* Debug */,
				FBFFC74624BE9E9E00588B5E /* Release */,
			);
			defaultConfigurationIsVisible = 0;
			defaultConfigurationName = Release;
		};
		FBFFC74724BE9E9E00588B5E /* Build configuration list for PBXNativeTarget "MPMeditatorDemo" */ = {
			isa = XCConfigurationList;
			buildConfigurations = (
				FBFFC74824BE9E9E00588B5E /* Debug */,
				FBFFC74924BE9E9E00588B5E /* Release */,
			);
			defaultConfigurationIsVisible = 0;
			defaultConfigurationName = Release;
		};
		FBFFC74A24BE9E9E00588B5E /* Build configuration list for PBXNativeTarget "MPMeditatorDemoTests" */ = {
			isa = XCConfigurationList;
			buildConfigurations = (
				FBFFC74B24BE9E9E00588B5E /* Debug */,
				FBFFC74C24BE9E9E00588B5E /* Release */,
			);
			defaultConfigurationIsVisible = 0;
			defaultConfigurationName = Release;
		};
		FBFFC74D24BE9E9E00588B5E /* Build configuration list for PBXNativeTarget "MPMeditatorDemoUITests" */ = {
			isa = XCConfigurationList;
			buildConfigurations = (
				FBFFC74E24BE9E9E00588B5E /* Debug */,
				FBFFC74F24BE9E9E00588B5E /* Release */,
			);
			defaultConfigurationIsVisible = 0;
			defaultConfigurationName = Release;
		};
/* End XCConfigurationList section */
	};
	rootObject = FBFFC71024BE9E9B00588B5E /* Project object */;
}
